
Microsoft Visual Studio Solution File, Format Version 12.00
# Visual Studio Version 17
VisualStudioVersion = 17.11.35222.181
MinimumVisualStudioVersion = 10.0.40219.1
Project("{FAE04EC0-301F-11D3-BF4B-00C04F79EFBC}") = "Github_Kalkulator_Z_Galeziami", "Github_Kalkulator_Z_Galeziami\Github_Kalkulator_Z_Galeziami.csproj", "{287085BE-EF14-49CD-9941-1BC8E19914AD}"
EndProject
Global
	GlobalSection(SolutionConfigurationPlatforms) = preSolution
		Debug|Any CPU = Debug|Any CPU
		Release|Any CPU = Release|Any CPU
	EndGlobalSection
	GlobalSection(ProjectConfigurationPlatforms) = postSolution
		{287085BE-EF14-49CD-9941-1BC8E19914AD}.Debug|Any CPU.ActiveCfg = Debug|Any CPU
		{287085BE-EF14-49CD-9941-1BC8E19914AD}.Debug|Any CPU.Build.0 = Debug|Any CPU
		{287085BE-EF14-49CD-9941-1BC8E19914AD}.Release|Any CPU.ActiveCfg = Release|Any CPU
		{287085BE-EF14-49CD-9941-1BC8E19914AD}.Release|Any CPU.Build.0 = Release|Any CPU
	EndGlobalSection
	GlobalSection(SolutionProperties) = preSolution
		HideSolutionNode = FALSE
	EndGlobalSection
	GlobalSection(ExtensibilityGlobals) = postSolution
		SolutionGuid = {86DE11D8-32FA-4027-9116-09D54243F56D}
	EndGlobalSection
EndGlobal
